{
  "name": "zero-day-mp3",
  "version": "1.0.0",
  "lockfileVersion": 2,
  "requires": true,
  "packages": {
    "": {
      "name": "zero-day-mp3",
      "version": "1.0.0",
      "license": "ISC",
      "dependencies": {
        "@logion/node-exiftool": "^2.3.1-3",
        "@paralleldrive/cuid2": "^2.0.1",
        "axios": "^1.2.4",
        "commander": "^10.0.0",
        "node-dir": "^0.1.17"
      }
    },
    "node_modules/@logion/node-exiftool": {
      "version": "2.3.1-3",
      "resolved": "https://registry.npmjs.org/@logion/node-exiftool/-/node-exiftool-2.3.1-3.tgz",
      "integrity": "sha512-m90aBMRKJO7oXxvTJMPoQMRkuZ7bxz3Mq0wVq1S/Nft4epR4Spzomw1RtFQk69YL8v/4M2TUcQ/QrYbU7S9ZeA==",
      "dependencies": {
        "is-stream": "1.1.0",
        "restream": "1.2.0",
        "wrote": "0.6.1"
      }
    },
    "node_modules/@noble/hashes": {
      "version": "1.1.5",
      "resolved": "https://registry.npmjs.org/@noble/hashes/-/hashes-1.1.5.tgz",
      "integrity": "sha512-LTMZiiLc+V4v1Yi16TD6aX2gmtKszNye0pQgbaLqkvhIqP7nVsSaJsWloGQjJfJ8offaoP5GtX3yY5swbcJxxQ==",
      "funding": [
        {
          "type": "individual",
          "url": "https://paulmillr.com/funding/"
        }
      ]
    },
    "node_modules/@paralleldrive/cuid2": {
      "version": "2.0.1",
      "resolved": "https://registry.npmjs.org/@paralleldrive/cuid2/-/cuid2-2.0.1.tgz",
      "integrity": "sha512-fi9nN5kCPGv9pcKQjk9g3riSTVcwR5TCFAGPUStbR61b1nXZ07GvxeoyStELKsJDCji1lwuUiUwLtagNTBllQA==",
      "dependencies": {
        "@noble/hashes": "^1.1.5"
      }
    },
    "node_modules/asynckit": {
      "version": "0.4.0",
      "resolved": "https://registry.npmjs.org/asynckit/-/asynckit-0.4.0.tgz",
      "integrity": "sha512-Oei9OH4tRh0YqU3GxhX79dM/mwVgvbZJaSNaRk+bshkj0S5cfHcgYakreBjrHwatXKbz+IoIdYLxrKim2MjW0Q=="
    },
    "node_modules/axios": {
      "version": "1.2.4",
      "resolved": "https://registry.npmjs.org/axios/-/axios-1.2.4.tgz",
      "integrity": "sha512-lIQuCfBJvZB/Bv7+RWUqEJqNShGOVpk9v7P0ZWx5Ip0qY6u7JBAU6dzQPMLasU9vHL2uD8av/1FDJXj7n6c39w==",
      "dependencies": {
        "follow-redirects": "^1.15.0",
        "form-data": "^4.0.0",
        "proxy-from-env": "^1.1.0"
      }
    },
    "node_modules/balanced-match": {
      "version": "1.0.2",
      "resolved": "https://registry.npmjs.org/balanced-match/-/balanced-match-1.0.2.tgz",
      "integrity": "sha512-3oSeUO0TMV67hN1AmbXsK4yaqU7tjiHlbxRDZOpH0KW9+CeX4bRAaX0Anxt0tx2MrpRpWwQaPwIlISEJhYU5Pw=="
    },
    "node_modules/brace-expansion": {
      "version": "1.1.11",
      "resolved": "https://registry.npmjs.org/brace-expansion/-/brace-expansion-1.1.11.tgz",
      "integrity": "sha512-iCuPHDFgrHX7H2vEI/5xpz07zSHB00TpugqhmYtVmMO6518mCuRMoOYFldEBl0g187ufozdaHgWKcYFb61qGiA==",
      "dependencies": {
        "balanced-match": "^1.0.0",
        "concat-map": "0.0.1"
      }
    },
    "node_modules/catchment": {
      "version": "1.0.0",
      "resolved": "https://registry.npmjs.org/catchment/-/catchment-1.0.0.tgz",
      "integrity": "sha512-6sTXWtTXI+MTHrHVnvZnOM8q2ujbQ+qJF0Mu8NM3jifMBCiZssjol/nBHQqOEiKSZKf1e4+wCrgmTXzWzvZs5w=="
    },
    "node_modules/combined-stream": {
      "version": "1.0.8",
      "resolved": "https://registry.npmjs.org/combined-stream/-/combined-stream-1.0.8.tgz",
      "integrity": "sha512-FQN4MRfuJeHf7cBbBMJFXhKSDq+2kAArBlmRBvcvFE5BB1HZKXtSFASDhdlz9zOYwxh8lDdnvmMOe/+5cdoEdg==",
      "dependencies": {
        "delayed-stream": "~1.0.0"
      },
      "engines": {
        "node": ">= 0.8"
      }
    },
    "node_modules/commander": {
      "version": "10.0.0",
      "resolved": "https://registry.npmjs.org/commander/-/commander-10.0.0.tgz",
      "integrity": "sha512-zS5PnTI22FIRM6ylNW8G4Ap0IEOyk62fhLSD0+uHRT9McRCLGpkVNvao4bjimpK/GShynyQkFFxHhwMcETmduA==",
      "engines": {
        "node": ">=14"
      }
    },
    "node_modules/concat-map": {
      "version": "0.0.1",
      "resolved": "https://registry.npmjs.org/concat-map/-/concat-map-0.0.1.tgz",
      "integrity": "sha512-/Srv4dswyQNBfohGpz9o6Yb3Gz3SrUDqBH5rTuhGR7ahtlbYKnVxw2bCFMRljaA7EXHaXZ8wsHdodFvbkhKmqg=="
    },
    "node_modules/delayed-stream": {
      "version": "1.0.0",
      "resolved": "https://registry.npmjs.org/delayed-stream/-/delayed-stream-1.0.0.tgz",
      "integrity": "sha512-ZySD7Nf91aLB0RxL4KGrKHBXl7Eds1DAmEdcoVawXnLD7SDhpNgtuII2aAkg7a7QS41jxPSZ17p4VdGnMHk3MQ==",
      "engines": {
        "node": ">=0.4.0"
      }
    },
    "node_modules/follow-redirects": {
      "version": "1.15.2",
      "resolved": "https://registry.npmjs.org/follow-redirects/-/follow-redirects-1.15.2.tgz",
      "integrity": "sha512-VQLG33o04KaQ8uYi2tVNbdrWp1QWxNNea+nmIB4EVM28v0hmP17z7aG1+wAkNzVq4KeXTq3221ye5qTJP91JwA==",
      "funding": [
        {
          "type": "individual",
          "url": "https://github.com/sponsors/RubenVerborgh"
        }
      ],
      "engines": {
        "node": ">=4.0"
      },
      "peerDependenciesMeta": {
        "debug": {
          "optional": true
        }
      }
    },
    "node_modules/form-data": {
      "version": "4.0.0",
      "resolved": "https://registry.npmjs.org/form-data/-/form-data-4.0.0.tgz",
      "integrity": "sha512-ETEklSGi5t0QMZuiXoA/Q6vcnxcLQP5vdugSpuAyi6SVGi2clPPp+xgEhuMaHC+zGgn31Kd235W35f7Hykkaww==",
      "dependencies": {
        "asynckit": "^0.4.0",
        "combined-stream": "^1.0.8",
        "mime-types": "^2.1.12"
      },
      "engines": {
        "node": ">= 6"
      }
    },
    "node_modules/is-stream": {
      "version": "1.1.0",
      "resolved": "https://registry.npmjs.org/is-stream/-/is-stream-1.1.0.tgz",
      "integrity": "sha512-uQPm8kcs47jx38atAcWTVxyltQYoPT68y9aWYdV6yWXSyW8mzSat0TL6CiWdZeCdF3KrAvpVtnHbTv4RN+rqdQ==",
      "engines": {
        "node": ">=0.10.0"
      }
    },
    "node_modules/makepromise": {
      "version": "1.0.0",
      "resolved": "https://registry.npmjs.org/makepromise/-/makepromise-1.0.0.tgz",
      "integrity": "sha512-M1q31Q56rlA+gwvmfWj7QFDMIJOuj527fQx/rN3dlzUtsopC9ZjtyekIBW4Fw0HZP6O6Azuw3/Vtk5O59bXz7A=="
    },
    "node_modules/mime-db": {
      "version": "1.52.0",
      "resolved": "https://registry.npmjs.org/mime-db/-/mime-db-1.52.0.tgz",
      "integrity": "sha512-sPU4uV7dYlvtWJxwwxHD0PuihVNiE7TyAbQ5SWxDCB9mUYvOgroQOwYQQOKPJ8CIbE+1ETVlOoK1UC2nU3gYvg==",
      "engines": {
        "node": ">= 0.6"
      }
    },
    "node_modules/mime-types": {
      "version": "2.1.35",
      "resolved": "https://registry.npmjs.org/mime-types/-/mime-types-2.1.35.tgz",
      "integrity": "sha512-ZDY+bPm5zTTF+YpCrAU9nK0UgICYPT0QtT1NZWFv4s++TNkcgVaT0g6+4R2uI4MjQjzysHB1zxuWL50hzaeXiw==",
      "dependencies": {
        "mime-db": "1.52.0"
      },
      "engines": {
        "node": ">= 0.6"
      }
    },
    "node_modules/minimatch": {
      "version": "3.1.2",
      "resolved": "https://registry.npmjs.org/minimatch/-/minimatch-3.1.2.tgz",
      "integrity": "sha512-J7p63hRiAjw1NDEww1W7i37+ByIrOWO5XQQAzZ3VOcL0PNybwpfmV/N05zFAzwQ9USyEcX6t3UO+K5aqBQOIHw==",
      "dependencies": {
        "brace-expansion": "^1.1.7"
      },
      "engines": {
        "node": "*"
      }
    },
    "node_modules/node-dir": {
      "version": "0.1.17",
      "resolved": "https://registry.npmjs.org/node-dir/-/node-dir-0.1.17.tgz",
      "integrity": "sha512-tmPX422rYgofd4epzrNoOXiE8XFZYOcCq1vD7MAXCDO+O+zndlA2ztdKKMa+EeuBG5tHETpr4ml4RGgpqDCCAg==",
      "dependencies": {
        "minimatch": "^3.0.2"
      },
      "engines": {
        "node": ">= 0.10.5"
      }
    },
    "node_modules/proxy-from-env": {
      "version": "1.1.0",
      "resolved": "https://registry.npmjs.org/proxy-from-env/-/proxy-from-env-1.1.0.tgz",
      "integrity": "sha512-D+zkORCbA9f1tdWRK0RaCR3GPv50cMxcrz4X8k5LTSUD1Dkw47mKJEZQNunItRTkWwgtaUSo1RVFRIG9ZXiFYg=="
    },
    "node_modules/restream": {
      "version": "1.2.0",
      "resolved": "https://registry.npmjs.org/restream/-/restream-1.2.0.tgz",
      "integrity": "sha512-RpnOjVCRrc/jO6j1U+E0X9mPjMUUitjEms/IaR18wb8AdPHg46UBmB2aEA6JKgpGbhOcHsDLyurmeZhd4kQXgg=="
    },
    "node_modules/wrote": {
      "version": "0.6.1",
      "resolved": "https://registry.npmjs.org/wrote/-/wrote-0.6.1.tgz",
      "integrity": "sha512-5vDwEuRou4yCOzR08bUdY+n/HuOA21L7A4tVsm/kEu2R2APN8tYWvxQbM1hFJk49lR7x47KZMtCu2k8S9WISUA==",
      "dependencies": {
        "catchment": "1.0.0",
        "makepromise": "1.0.0"
      }
    }
  },
  "dependencies": {
    "@logion/node-exiftool": {
      "version": "2.3.1-3",
      "resolved": "https://registry.npmjs.org/@logion/node-exiftool/-/node-exiftool-2.3.1-3.tgz",
      "integrity": "sha512-m90aBMRKJO7oXxvTJMPoQMRkuZ7bxz3Mq0wVq1S/Nft4epR4Spzomw1RtFQk69YL8v/4M2TUcQ/QrYbU7S9ZeA==",
      "requires": {
        "is-stream": "1.1.0",
        "restream": "1.2.0",
        "wrote": "0.6.1"
      }
    },
    "@noble/hashes": {
      "version": "1.1.5",
      "resolved": "https://registry.npmjs.org/@noble/hashes/-/hashes-1.1.5.tgz",
      "integrity": "sha512-LTMZiiLc+V4v1Yi16TD6aX2gmtKszNye0pQgbaLqkvhIqP7nVsSaJsWloGQjJfJ8offaoP5GtX3yY5swbcJxxQ=="
    },
    "@paralleldrive/cuid2": {
      "version": "2.0.1",
      "resolved": "https://registry.npmjs.org/@paralleldrive/cuid2/-/cuid2-2.0.1.tgz",
      "integrity": "sha512-fi9nN5kCPGv9pcKQjk9g3riSTVcwR5TCFAGPUStbR61b1nXZ07GvxeoyStELKsJDCji1lwuUiUwLtagNTBllQA==",
      "requires": {
        "@noble/hashes": "^1.1.5"
      }
    },
    "asynckit": {
      "version": "0.4.0",
      "resolved": "https://registry.npmjs.org/asynckit/-/asynckit-0.4.0.tgz",
      "integrity": "sha512-Oei9OH4tRh0YqU3GxhX79dM/mwVgvbZJaSNaRk+bshkj0S5cfHcgYakreBjrHwatXKbz+IoIdYLxrKim2MjW0Q=="
    },
    "axios": {
      "version": "1.2.4",
      "resolved": "https://registry.npmjs.org/axios/-/axios-1.2.4.tgz",
      "integrity": "sha512-lIQuCfBJvZB/Bv7+RWUqEJqNShGOVpk9v7P0ZWx5Ip0qY6u7JBAU6dzQPMLasU9vHL2uD8av/1FDJXj7n6c39w==",
      "requires": {
        "follow-redirects": "^1.15.0",
        "form-data": "^4.0.0",
        "proxy-from-env": "^1.1.0"
      }
    },
    "balanced-match": {
      "version": "1.0.2",
      "resolved": "https://registry.npmjs.org/balanced-match/-/balanced-match-1.0.2.tgz",
      "integrity": "sha512-3oSeUO0TMV67hN1AmbXsK4yaqU7tjiHlbxRDZOpH0KW9+CeX4bRAaX0Anxt0tx2MrpRpWwQaPwIlISEJhYU5Pw=="
    },
    "brace-expansion": {
      "version": "1.1.11",
      "resolved": "https://registry.npmjs.org/brace-expansion/-/brace-expansion-1.1.11.tgz",
      "integrity": "sha512-iCuPHDFgrHX7H2vEI/5xpz07zSHB00TpugqhmYtVmMO6518mCuRMoOYFldEBl0g187ufozdaHgWKcYFb61qGiA==",
      "requires": {
        "balanced-match": "^1.0.0",
        "concat-map": "0.0.1"
      }
    },
    "catchment": {
      "version": "1.0.0",
      "resolved": "https://registry.npmjs.org/catchment/-/catchment-1.0.0.tgz",
      "integrity": "sha512-6sTXWtTXI+MTHrHVnvZnOM8q2ujbQ+qJF0Mu8NM3jifMBCiZssjol/nBHQqOEiKSZKf1e4+wCrgmTXzWzvZs5w=="
    },
    "combined-stream": {
      "version": "1.0.8",
      "resolved": "https://registry.npmjs.org/combined-stream/-/combined-stream-1.0.8.tgz",
      "integrity": "sha512-FQN4MRfuJeHf7cBbBMJFXhKSDq+2kAArBlmRBvcvFE5BB1HZKXtSFASDhdlz9zOYwxh8lDdnvmMOe/+5cdoEdg==",
      "requires": {
        "delayed-stream": "~1.0.0"
      }
    },
    "commander": {
      "version": "10.0.0",
      "resolved": "https://registry.npmjs.org/commander/-/commander-10.0.0.tgz",
      "integrity": "sha512-zS5PnTI22FIRM6ylNW8G4Ap0IEOyk62fhLSD0+uHRT9McRCLGpkVNvao4bjimpK/GShynyQkFFxHhwMcETmduA=="
    },
    "concat-map": {
      "version": "0.0.1",
      "resolved": "https://registry.npmjs.org/concat-map/-/concat-map-0.0.1.tgz",
      "integrity": "sha512-/Srv4dswyQNBfohGpz9o6Yb3Gz3SrUDqBH5rTuhGR7ahtlbYKnVxw2bCFMRljaA7EXHaXZ8wsHdodFvbkhKmqg=="
    },
    "delayed-stream": {
      "version": "1.0.0",
      "resolved": "https://registry.npmjs.org/delayed-stream/-/delayed-stream-1.0.0.tgz",
      "integrity": "sha512-ZySD7Nf91aLB0RxL4KGrKHBXl7Eds1DAmEdcoVawXnLD7SDhpNgtuII2aAkg7a7QS41jxPSZ17p4VdGnMHk3MQ=="
    },
    "follow-redirects": {
      "version": "1.15.2",
      "resolved": "https://registry.npmjs.org/follow-redirects/-/follow-redirects-1.15.2.tgz",
      "integrity": "sha512-VQLG33o04KaQ8uYi2tVNbdrWp1QWxNNea+nmIB4EVM28v0hmP17z7aG1+wAkNzVq4KeXTq3221ye5qTJP91JwA=="
    },
    "form-data": {
      "version": "4.0.0",
      "resolved": "https://registry.npmjs.org/form-data/-/form-data-4.0.0.tgz",
      "integrity": "sha512-ETEklSGi5t0QMZuiXoA/Q6vcnxcLQP5vdugSpuAyi6SVGi2clPPp+xgEhuMaHC+zGgn31Kd235W35f7Hykkaww==",
      "requires": {
        "asynckit": "^0.4.0",
        "combined-stream": "^1.0.8",
        "mime-types": "^2.1.12"
      }
    },
    "is-stream": {
      "version": "1.1.0",
      "resolved": "https://registry.npmjs.org/is-stream/-/is-stream-1.1.0.tgz",
      "integrity": "sha512-uQPm8kcs47jx38atAcWTVxyltQYoPT68y9aWYdV6yWXSyW8mzSat0TL6CiWdZeCdF3KrAvpVtnHbTv4RN+rqdQ=="
    },
    "makepromise": {
      "version": "1.0.0",
      "resolved": "https://registry.npmjs.org/makepromise/-/makepromise-1.0.0.tgz",
      "integrity": "sha512-M1q31Q56rlA+gwvmfWj7QFDMIJOuj527fQx/rN3dlzUtsopC9ZjtyekIBW4Fw0HZP6O6Azuw3/Vtk5O59bXz7A=="
    },
    "mime-db": {
      "version": "1.52.0",
      "resolved": "https://registry.npmjs.org/mime-db/-/mime-db-1.52.0.tgz",
      "integrity": "sha512-sPU4uV7dYlvtWJxwwxHD0PuihVNiE7TyAbQ5SWxDCB9mUYvOgroQOwYQQOKPJ8CIbE+1ETVlOoK1UC2nU3gYvg=="
    },
    "mime-types": {
      "version": "2.1.35",
      "resolved": "https://registry.npmjs.org/mime-types/-/mime-types-2.1.35.tgz",
      "integrity": "sha512-ZDY+bPm5zTTF+YpCrAU9nK0UgICYPT0QtT1NZWFv4s++TNkcgVaT0g6+4R2uI4MjQjzysHB1zxuWL50hzaeXiw==",
      "requires": {
        "mime-db": "1.52.0"
      }
    },
    "minimatch": {
      "version": "3.1.2",
      "resolved": "https://registry.npmjs.org/minimatch/-/minimatch-3.1.2.tgz",
      "integrity": "sha512-J7p63hRiAjw1NDEww1W7i37+ByIrOWO5XQQAzZ3VOcL0PNybwpfmV/N05zFAzwQ9USyEcX6t3UO+K5aqBQOIHw==",
      "requires": {
        "brace-expansion": "^1.1.7"
      }
    },
    "node-dir": {
      "version": "0.1.17",
      "resolved": "https://registry.npmjs.org/node-dir/-/node-dir-0.1.17.tgz",
      "integrity": "sha512-tmPX422rYgofd4epzrNoOXiE8XFZYOcCq1vD7MAXCDO+O+zndlA2ztdKKMa+EeuBG5tHETpr4ml4RGgpqDCCAg==",
      "requires": {
        "minimatch": "^3.0.2"
      }
    },
    "proxy-from-env": {
      "version": "1.1.0",
      "resolved": "https://registry.npmjs.org/proxy-from-env/-/proxy-from-env-1.1.0.tgz",
      "integrity": "sha512-D+zkORCbA9f1tdWRK0RaCR3GPv50cMxcrz4X8k5LTSUD1Dkw47mKJEZQNunItRTkWwgtaUSo1RVFRIG9ZXiFYg=="
    },
    "restream": {
      "version": "1.2.0",
      "resolved": "https://registry.npmjs.org/restream/-/restream-1.2.0.tgz",
      "integrity": "sha512-RpnOjVCRrc/jO6j1U+E0X9mPjMUUitjEms/IaR18wb8AdPHg46UBmB2aEA6JKgpGbhOcHsDLyurmeZhd4kQXgg=="
    },
    "wrote": {
      "version": "0.6.1",
      "resolved": "https://registry.npmjs.org/wrote/-/wrote-0.6.1.tgz",
      "integrity": "sha512-5vDwEuRou4yCOzR08bUdY+n/HuOA21L7A4tVsm/kEu2R2APN8tYWvxQbM1hFJk49lR7x47KZMtCu2k8S9WISUA==",
      "requires": {
        "catchment": "1.0.0",
        "makepromise": "1.0.0"
      }
    }
  }
}
